
Microsoft Visual Studio Solution File, Format Version 12.00
# Visual Studio Version 16
VisualStudioVersion = 16.0.30114.105
MinimumVisualStudioVersion = 10.0.40219.1
Project("{FAE04EC0-301F-11D3-BF4B-00C04F79EFBC}") = "Planetwide.Challenge.Tests", "Planetwide.Challenge.Tests\Planetwide.Challenge.Tests.csproj", "{74184D32-955D-4D48-BDEA-69217BCAEFBF}"
EndProject
Project("{FAE04EC0-301F-11D3-BF4B-00C04F79EFBC}") = "Planetwide.Challenge", "Planetwide.Challenge\Planetwide.Challenge.csproj", "{6A85A39A-1AA2-4B75-A12D-F8848A3D9F40}"
EndProject
Project("{FAE04EC0-301F-11D3-BF4B-00C04F79EFBC}") = "Planetwide.Challenge.Api", "Planetwide.Challenge.Api\Planetwide.Challenge.Api.csproj", "{714505F2-8BA3-4843-A956-9DBA346D4656}"
EndProject
Project("{2150E333-8FDC-42A3-9474-1A3956D46DE8}") = "Lib", "Lib", "{2CF30DB9-424A-4129-8718-3B3AD7DA5F5F}"
EndProject
Project("{FAE04EC0-301F-11D3-BF4B-00C04F79EFBC}") = "Planetwide.Challenge.Api.Tests", "Planetwide.Challenge.Api.Tests\Planetwide.Challenge.Api.Tests.csproj", "{A7192A5D-B497-43F7-B93A-32942F583A7B}"
EndProject
Global
	GlobalSection(SolutionConfigurationPlatforms) = preSolution
		Debug|Any CPU = Debug|Any CPU
		Release|Any CPU = Release|Any CPU
	EndGlobalSection
	GlobalSection(SolutionProperties) = preSolution
		HideSolutionNode = FALSE
	EndGlobalSection
	GlobalSection(ProjectConfigurationPlatforms) = postSolution
		{74184D32-955D-4D48-BDEA-69217BCAEFBF}.Debug|Any CPU.ActiveCfg = Debug|Any CPU
		{74184D32-955D-4D48-BDEA-69217BCAEFBF}.Debug|Any CPU.Build.0 = Debug|Any CPU
		{74184D32-955D-4D48-BDEA-69217BCAEFBF}.Release|Any CPU.ActiveCfg = Release|Any CPU
		{74184D32-955D-4D48-BDEA-69217BCAEFBF}.Release|Any CPU.Build.0 = Release|Any CPU
		{6A85A39A-1AA2-4B75-A12D-F8848A3D9F40}.Debug|Any CPU.ActiveCfg = Debug|Any CPU
		{6A85A39A-1AA2-4B75-A12D-F8848A3D9F40}.Debug|Any CPU.Build.0 = Debug|Any CPU
		{6A85A39A-1AA2-4B75-A12D-F8848A3D9F40}.Release|Any CPU.ActiveCfg = Release|Any CPU
		{6A85A39A-1AA2-4B75-A12D-F8848A3D9F40}.Release|Any CPU.Build.0 = Release|Any CPU
		{714505F2-8BA3-4843-A956-9DBA346D4656}.Debug|Any CPU.ActiveCfg = Debug|Any CPU
		{714505F2-8BA3-4843-A956-9DBA346D4656}.Debug|Any CPU.Build.0 = Debug|Any CPU
		{714505F2-8BA3-4843-A956-9DBA346D4656}.Release|Any CPU.ActiveCfg = Release|Any CPU
		{714505F2-8BA3-4843-A956-9DBA346D4656}.Release|Any CPU.Build.0 = Release|Any CPU
		{A7192A5D-B497-43F7-B93A-32942F583A7B}.Debug|Any CPU.ActiveCfg = Debug|Any CPU
		{A7192A5D-B497-43F7-B93A-32942F583A7B}.Debug|Any CPU.Build.0 = Debug|Any CPU
		{A7192A5D-B497-43F7-B93A-32942F583A7B}.Release|Any CPU.ActiveCfg = Release|Any CPU
		{A7192A5D-B497-43F7-B93A-32942F583A7B}.Release|Any CPU.Build.0 = Release|Any CPU
	EndGlobalSection
	GlobalSection(NestedProjects) = preSolution
		{6A85A39A-1AA2-4B75-A12D-F8848A3D9F40} = {2CF30DB9-424A-4129-8718-3B3AD7DA5F5F}
		{74184D32-955D-4D48-BDEA-69217BCAEFBF} = {2CF30DB9-424A-4129-8718-3B3AD7DA5F5F}
	EndGlobalSection
EndGlobal
